// !$*UTF8*$!
{
	archiveVersion = 1;
	classes = {
	};
	objectVersion = 46;
	objects = {

/* Begin PBXBuildFile section */
		D3A57C7D1B9CA37F00644052 /* main.m in Sources */ = {isa = PBXBuildFile; fileRef = D3A57C7C1B9CA37F00644052 /* main.m */; };
		D3A57C801B9CA37F00644052 /* AppDelegate.m in Sources */ = {isa = PBXBuildFile; fileRef = D3A57C7F1B9CA37F00644052 /* AppDelegate.m */; };
		D3A57C831B9CA37F00644052 /* ViewController.m in Sources */ = {isa = PBXBuildFile; fileRef = D3A57C821B9CA37F00644052 /* ViewController.m */; };
		D3A57C861B9CA37F00644052 /* Main.storyboard in Resources */ = {isa = PBXBuildFile; fileRef = D3A57C841B9CA37F00644052 /* Main.storyboard */; };
		D3A57C881B9CA37F00644052 /* Images.xcassets in Resources */ = {isa = PBXBuildFile; fileRef = D3A57C871B9CA37F00644052 /* Images.xcassets */; };
		D3A57C8B1B9CA37F00644052 /* LaunchScreen.xib in Resources */ = {isa = PBXBuildFile; fileRef = D3A57C891B9CA37F00644052 /* LaunchScreen.xib */; };
		D3A57C971B9CA37F00644052 /* BulltipeerTests.m in Sources */ = {isa = PBXBuildFile; fileRef = D3A57C961B9CA37F00644052 /* BulltipeerTests.m */; };
/* End PBXBuildFile section */

/* Begin PBXContainerItemProxy section */
		D3A57C911B9CA37F00644052 /* PBXContainerItemProxy */ = {
			isa = PBXContainerItemProxy;
			containerPortal = D3A57C6F1B9CA37F00644052 /* Project object */;
			proxyType = 1;
			remoteGlobalIDString = D3A57C761B9CA37F00644052;
			remoteInfo = Bulltipeer;
		};
/* End PBXContainerItemProxy section */

/* Begin PBXFileReference section */
		D3A57C771B9CA37F00644052 /* Bulltipeer.app */ = {isa = PBXFileReference; explicitFileType = wrapper.application; includeInIndex = 0; path = Bulltipeer.app; sourceTree = BUILT_PRODUCTS_DIR; };
		D3A57C7B1B9CA37F00644052 /* Info.plist */ = {isa = PBXFileReference; lastKnownFileType = text.plist.xml; path = Info.plist; sourceTree = "<group>"; };
		D3A57C7C1B9CA37F00644052 /* main.m */ = {isa = PBXFileReference; lastKnownFileType = sourcecode.c.objc; path = main.m; sourceTree = "<group>"; };
		D3A57C7E1B9CA37F00644052 /* AppDelegate.h */ = {isa = PBXFileReference; lastKnownFileType = sourcecode.c.h; path = AppDelegate.h; sourceTree = "<group>"; };
		D3A57C7F1B9CA37F00644052 /* AppDelegate.m */ = {isa = PBXFileReference; lastKnownFileType = sourcecode.c.objc; path = AppDelegate.m; sourceTree = "<group>"; };
		D3A57C811B9CA37F00644052 /* ViewController.h */ = {isa = PBXFileReference; lastKnownFileType = sourcecode.c.h; path = ViewController.h; sourceTree = "<group>"; };
		D3A57C821B9CA37F00644052 /* ViewController.m */ = {isa = PBXFileReference; lastKnownFileType = sourcecode.c.objc; path = ViewController.m; sourceTree = "<group>"; };
		D3A57C851B9CA37F00644052 /* Base */ = {isa = PBXFileReference; lastKnownFileType = file.storyboard; name = Base; path = Base.lproj/Main.storyboard; sourceTree = "<group>"; };
		D3A57C871B9CA37F00644052 /* Images.xcassets */ = {isa = PBXFileReference; lastKnownFileType = folder.assetcatalog; path = Images.xcassets; sourceTree = "<group>"; };
		D3A57C8A1B9CA37F00644052 /* Base */ = {isa = PBXFileReference; lastKnownFileType = file.xib; name = Base; path = Base.lproj/LaunchScreen.xib; sourceTree = "<group>"; };
		D3A57C901B9CA37F00644052 /* BulltipeerTests.xctest */ = {isa = PBXFileReference; explicitFileType = wrapper.cfbundle; includeInIndex = 0; path = BulltipeerTests.xctest; sourceTree = BUILT_PRODUCTS_DIR; };
		D3A57C951B9CA37F00644052 /* Info.plist */ = {isa = PBXFileReference; lastKnownFileType = text.plist.xml; path = Info.plist; sourceTree = "<group>"; };
		D3A57C961B9CA37F00644052 /* BulltipeerTests.m */ = {isa = PBXFileReference; lastKnownFileType = sourcecode.c.objc; path = BulltipeerTests.m; sourceTree = "<group>"; };
/* End PBXFileReference section */

/* Begin PBXFrameworksBuildPhase section */
		D3A57C741B9CA37F00644052 /* Frameworks */ = {
			isa = PBXFrameworksBuildPhase;
			buildActionMask = 2147483647;
			files = (
			);
			runOnlyForDeploymentPostprocessing = 0;
		};
		D3A57C8D1B9CA37F00644052 /* Frameworks */ = {
			isa = PBXFrameworksBuildPhase;
			buildActionMask = 2147483647;
			files = (
			);
			runOnlyForDeploymentPostprocessing = 0;
		};
/* End PBXFrameworksBuildPhase section */

/* Begin PBXGroup section */
		D3A57C6E1B9CA37F00644052 = {
			isa = PBXGroup;
			children = (
				D3A57C791B9CA37F00644052 /* Bulltipeer */,
				D3A57C931B9CA37F00644052 /* BulltipeerTests */,
				D3A57C781B9CA37F00644052 /* Products */,
			);
			sourceTree = "<group>";
		};
		D3A57C781B9CA37F00644052 /* Products */ = {
			isa = PBXGroup;
			children = (
				D3A57C771B9CA37F00644052 /* Bulltipeer.app */,
				D3A57C901B9CA37F00644052 /* BulltipeerTests.xctest */,
			);
			name = Products;
			sourceTree = "<group>";
		};
		D3A57C791B9CA37F00644052 /* Bulltipeer */ = {
			isa = PBXGroup;
			children = (
				D3A57C7E1B9CA37F00644052 /* AppDelegate.h */,
				D3A57C7F1B9CA37F00644052 /* AppDelegate.m */,
				D3A57C811B9CA37F00644052 /* ViewController.h */,
				D3A57C821B9CA37F00644052 /* ViewController.m */,
				D3A57C841B9CA37F00644052 /* Main.storyboard */,
				D3A57C871B9CA37F00644052 /* Images.xcassets */,
				D3A57C891B9CA37F00644052 /* LaunchScreen.xib */,
				D3A57C7A1B9CA37F00644052 /* Supporting Files */,
			);
			path = Bulltipeer;
			sourceTree = "<group>";
		};
		D3A57C7A1B9CA37F00644052 /* Supporting Files */ = {
			isa = PBXGroup;
			children = (
				D3A57C7B1B9CA37F00644052 /* Info.plist */,
				D3A57C7C1B9CA37F00644052 /* main.m */,
			);
			name = "Supporting Files";
			sourceTree = "<group>";
		};
		D3A57C931B9CA37F00644052 /* BulltipeerTests */ = {
			isa = PBXGroup;
			children = (
				D3A57C961B9CA37F00644052 /* BulltipeerTests.m */,
				D3A57C941B9CA37F00644052 /* Supporting Files */,
			);
			path = BulltipeerTests;
			sourceTree = "<group>";
		};
		D3A57C941B9CA37F00644052 /* Supporting Files */ = {
			isa = PBXGroup;
			children = (
				D3A57C951B9CA37F00644052 /* Info.plist */,
			);
			name = "Supporting Files";
			sourceTree = "<group>";
		};
/* End PBXGroup section */

/* Begin PBXNativeTarget section */
		D3A57C761B9CA37F00644052 /* Bulltipeer */ = {
			isa = PBXNativeTarget;
			buildConfigurationList = D3A57C9A1B9CA37F00644052 /* Build configuration list for PBXNativeTarget "Bulltipeer" */;
			buildPhases = (
				D3A57C731B9CA37F00644052 /* Sources */,
				D3A57C741B9CA37F00644052 /* Frameworks */,
				D3A57C751B9CA37F00644052 /* Resources */,
			);
			buildRules = (
			);
			dependencies = (
			);
			name = Bulltipeer;
			productName = Bulltipeer;
			productReference = D3A57C771B9CA37F00644052 /* Bulltipeer.app */;
			productType = "com.apple.product-type.application";
		};
		D3A57C8F1B9CA37F00644052 /* BulltipeerTests */ = {
			isa = PBXNativeTarget;
			buildConfigurationList = D3A57C9D1B9CA37F00644052 /* Build configuration list for PBXNativeTarget "BulltipeerTests" */;
			buildPhases = (
				D3A57C8C1B9CA37F00644052 /* Sources */,
				D3A57C8D1B9CA37F00644052 /* Frameworks */,
				D3A57C8E1B9CA37F00644052 /* Resources */,
			);
			buildRules = (
			);
			dependencies = (
				D3A57C921B9CA37F00644052 /* PBXTargetDependency */,
			);
			name = BulltipeerTests;
			productName = BulltipeerTests;
			productReference = D3A57C901B9CA37F00644052 /* BulltipeerTests.xctest */;
			productType = "com.apple.product-type.bundle.unit-test";
		};
/* End PBXNativeTarget section */

/* Begin PBXProject section */
		D3A57C6F1B9CA37F00644052 /* Project object */ = {
			isa = PBXProject;
			attributes = {
				LastUpgradeCheck = 0640;
				ORGANIZATIONNAME = "Peter Scheyer";
				TargetAttributes = {
					D3A57C761B9CA37F00644052 = {
						CreatedOnToolsVersion = 6.4;
					};
					D3A57C8F1B9CA37F00644052 = {
						CreatedOnToolsVersion = 6.4;
						TestTargetID = D3A57C761B9CA37F00644052;
					};
				};
			};
			buildConfigurationList = D3A57C721B9CA37F00644052 /* Build configuration list for PBXProject "Bulltipeer" */;
			compatibilityVersion = "Xcode 3.2";
			developmentRegion = English;
			hasScannedForEncodings = 0;
			knownRegions = (
				en,
				Base,
			);
			mainGroup = D3A57C6E1B9CA37F00644052;
			productRefGroup = D3A57C781B9CA37F00644052 /* Products */;
			projectDirPath = "";
			projectRoot = "";
			targets = (
				D3A57C761B9CA37F00644052 /* Bulltipeer */,
				D3A57C8F1B9CA37F00644052 /* BulltipeerTests */,
			);
		};
/* End PBXProject section */

/* Begin PBXResourcesBuildPhase section */
		D3A57C751B9CA37F00644052 /* Resources */ = {
			isa = PBXResourcesBuildPhase;
			buildActionMask = 2147483647;
			files = (
				D3A57C861B9CA37F00644052 /* Main.storyboard in Resources */,
				D3A57C8B1B9CA37F00644052 /* LaunchScreen.xib in Resources */,
				D3A57C881B9CA37F00644052 /* Images.xcassets in Resources */,
			);
			runOnlyForDeploymentPostprocessing = 0;
		};
		D3A57C8E1B9CA37F00644052 /* Resources */ = {
			isa = PBXResourcesBuildPhase;
			buildActionMask = 2147483647;
			files = (
			);
			runOnlyForDeploymentPostprocessing = 0;
		};
/* End PBXResourcesBuildPhase section */

/* Begin PBXSourcesBuildPhase section */
		D3A57C731B9CA37F00644052 /* Sources */ = {
			isa = PBXSourcesBuildPhase;
			buildActionMask = 2147483647;
			files = (
				D3A57C831B9CA37F00644052 /* ViewController.m in Sources */,
				D3A57C801B9CA37F00644052 /* AppDelegate.m in Sources */,
				D3A57C7D1B9CA37F00644052 /* main.m in Sources */,
			);
			runOnlyForDeploymentPostprocessing = 0;
		};
		D3A57C8C1B9CA37F00644052 /* Sources */ = {
			isa = PBXSourcesBuildPhase;
			buildActionMask = 2147483647;
			files = (
				D3A57C971B9CA37F00644052 /* BulltipeerTests.m in Sources */,
			);
			runOnlyForDeploymentPostprocessing = 0;
		};
/* End PBXSourcesBuildPhase section */

/* Begin PBXTargetDependency section */
		D3A57C921B9CA37F00644052 /* PBXTargetDependency */ = {
			isa = PBXTargetDependency;
			target = D3A57C761B9CA37F00644052 /* Bulltipeer */;
			targetProxy = D3A57C911B9CA37F00644052 /* PBXContainerItemProxy */;
		};
/* End PBXTargetDependency section */

/* Begin PBXVariantGroup section */
		D3A57C841B9CA37F00644052 /* Main.storyboard */ = {
			isa = PBXVariantGroup;
			children = (
				D3A57C851B9CA37F00644052 /* Base */,
			);
			name = Main.storyboard;
			sourceTree = "<group>";
		};
		D3A57C891B9CA37F00644052 /* LaunchScreen.xib */ = {
			isa = PBXVariantGroup;
			children = (
				D3A57C8A1B9CA37F00644052 /* Base */,
			);
			name = LaunchScreen.xib;
			sourceTree = "<group>";
		};
/* End PBXVariantGroup section */

/* Begin XCBuildConfiguration section */
		D3A57C981B9CA37F00644052 /* Debug */ = {
			isa = XCBuildConfiguration;
			buildSettings = {
				ALWAYS_SEARCH_USER_PATHS = NO;
				CLANG_CXX_LANGUAGE_STANDARD = "gnu++0x";
				CLANG_CXX_LIBRARY = "libc++";
				CLANG_ENABLE_MODULES = YES;
				CLANG_ENABLE_OBJC_ARC = YES;
				CLANG_WARN_BOOL_CONVERSION = YES;
				CLANG_WARN_CONSTANT_CONVERSION = YES;
				CLANG_WARN_DIRECT_OBJC_ISA_USAGE = YES_ERROR;
				CLANG_WARN_EMPTY_BODY = YES;
				CLANG_WARN_ENUM_CONVERSION = YES;
				CLANG_WARN_INT_CONVERSION = YES;
				CLANG_WARN_OBJC_ROOT_CLASS = YES_ERROR;
				CLANG_WARN_UNREACHABLE_CODE = YES;
				CLANG_WARN__DUPLICATE_METHOD_MATCH = YES;
				"CODE_SIGN_IDENTITY[sdk=iphoneos*]" = "iPhone Developer";
				COPY_PHASE_STRIP = NO;
				DEBUG_INFORMATION_FORMAT = "dwarf-with-dsym";
				ENABLE_STRICT_OBJC_MSGSEND = YES;
				GCC_C_LANGUAGE_STANDARD = gnu99;
				GCC_DYNAMIC_NO_PIC = NO;
				GCC_NO_COMMON_BLOCKS = YES;
				GCC_OPTIMIZATION_LEVEL = 0;
				GCC_PREPROCESSOR_DEFINITIONS = (
					"DEBUG=1",
					"$(inherited)",
				);
				GCC_SYMBOLS_PRIVATE_EXTERN = NO;
				GCC_WARN_64_TO_32_BIT_CONVERSION = YES;
				GCC_WARN_ABOUT_RETURN_TYPE = YES_ERROR;
				GCC_WARN_UNDECLARED_SELECTOR = YES;
				GCC_WARN_UNINITIALIZED_AUTOS = YES_AGGRESSIVE;
				GCC_WARN_UNUSED_FUNCTION = YES;
				GCC_WARN_UNUSED_VARIABLE = YES;
				IPHONEOS_DEPLOYMENT_TARGET = 8.4;
				MTL_ENABLE_DEBUG_INFO = YES;
				ONLY_ACTIVE_ARCH = YES;
				SDKROOT = iphoneos;
				TARGETED_DEVICE_FAMILY = "1,2";
			};
			name = Debug;
		};
		D3A57C991B9CA37F00644052 /* Release */ = {
			isa = XCBuildConfiguration;
			buildSettings = {
				ALWAYS_SEARCH_USER_PATHS = NO;
				CLANG_CXX_LANGUAGE_STANDARD = "gnu++0x";
				CLANG_CXX_LIBRARY = "libc++";
				CLANG_ENABLE_MODULES = YES;
				CLANG_ENABLE_OBJC_ARC = YES;
				CLANG_WARN_BOOL_CONVERSION = YES;
				CLANG_WARN_CONSTANT_CONVERSION = YES;
				CLANG_WARN_DIRECT_OBJC_ISA_USAGE = YES_ERROR;
				CLANG_WARN_EMPTY_BODY = YES;
				CLANG_WARN_ENUM_CONVERSION = YES;
				CLANG_WARN_INT_CONVERSION = YES;
				CLANG_WARN_OBJC_ROOT_CLASS = YES_ERROR;
				CLANG_WARN_UNREACHABLE_CODE = YES;
				CLANG_WARN__DUPLICATE_METHOD_MATCH = YES;
				"CODE_SIGN_IDENTITY[sdk=iphoneos*]" = "iPhone Developer";
				COPY_PHASE_STRIP = NO;
				DEBUG_INFORMATION_FORMAT = "dwarf-with-dsym";
				ENABLE_NS_ASSERTIONS = NO;
				ENABLE_STRICT_OBJC_MSGSEND = YES;
				GCC_C_LANGUAGE_STANDARD = gnu99;
				GCC_NO_COMMON_BLOCKS = YES;
				GCC_WARN_64_TO_32_BIT_CONVERSION = YES;
				GCC_WARN_ABOUT_RETURN_TYPE = YES_ERROR;
				GCC_WARN_UNDECLARED_SELECTOR = YES;
				GCC_WARN_UNINITIALIZED_AUTOS = YES_AGGRESSIVE;
				GCC_WARN_UNUSED_FUNCTION = YES;
				GCC_WARN_UNUSED_VARIABLE = YES;
				IPHONEOS_DEPLOYMENT_TARGET = 8.4;
				MTL_ENABLE_DEBUG_INFO = NO;
				SDKROOT = iphoneos;
				TARGETED_DEVICE_FAMILY = "1,2";
				VALIDATE_PRODUCT = YES;
			};
			name = Release;
		};
		D3A57C9B1B9CA37F00644052 /* Debug */ = {
			isa = XCBuildConfiguration;
			buildSettings = {
				ASSETCATALOG_COMPILER_APPICON_NAME = AppIcon;
				INFOPLIST_FILE = Bulltipeer/Info.plist;
				LD_RUNPATH_SEARCH_PATHS = "$(inherited) @executable_path/Frameworks";
				PRODUCT_NAME = "$(TARGET_NAME)";
			};
			name = Debug;
		};
		D3A57C9C1B9CA37F00644052 /* Release */ = {
			isa = XCBuildConfiguration;
			buildSettings = {
				ASSETCATALOG_COMPILER_APPICON_NAME = AppIcon;
				INFOPLIST_FILE = Bulltipeer/Info.plist;
				LD_RUNPATH_SEARCH_PATHS = "$(inherited) @executable_path/Frameworks";
				PRODUCT_NAME = "$(TARGET_NAME)";
			};
			name = Release;
		};
		D3A57C9E1B9CA37F00644052 /* Debug */ = {
			isa = XCBuildConfiguration;
			buildSettings = {
				BUNDLE_LOADER = "$(TEST_HOST)";
				FRAMEWORK_SEARCH_PATHS = (
					"$(SDKROOT)/Developer/Library/Frameworks",
					"$(inherited)",
				);
				GCC_PREPROCESSOR_DEFINITIONS = (
					"DEBUG=1",
					"$(inherited)",
				);
				INFOPLIST_FILE = BulltipeerTests/Info.plist;
				LD_RUNPATH_SEARCH_PATHS = "$(inherited) @executable_path/Frameworks @loader_path/Frameworks";
				PRODUCT_NAME = "$(TARGET_NAME)";
				TEST_HOST = "$(BUILT_PRODUCTS_DIR)/Bulltipeer.app/Bulltipeer";
			};
			name = Debug;
		};
		D3A57C9F1B9CA37F00644052 /* Release */ = {
			isa = XCBuildConfiguration;
			buildSettings = {
				BUNDLE_LOADER = "$(TEST_HOST)";
				FRAMEWORK_SEARCH_PATHS = (
					"$(SDKROOT)/Developer/Library/Frameworks",
					"$(inherited)",
				);
				INFOPLIST_FILE = BulltipeerTests/Info.plist;
				LD_RUNPATH_SEARCH_PATHS = "$(inherited) @executable_path/Frameworks @loader_path/Frameworks";
				PRODUCT_NAME = "$(TARGET_NAME)";
				TEST_HOST = "$(BUILT_PRODUCTS_DIR)/Bulltipeer.app/Bulltipeer";
			};
			name = Release;
		};
/* End XCBuildConfiguration section */

/* Begin XCConfigurationList section */
		D3A57C721B9CA37F00644052 /* Build configuration list for PBXProject "Bulltipeer" */ = {
			isa = XCConfigurationList;
			buildConfigurations = (
				D3A57C981B9CA37F00644052 /* Debug */,
				D3A57C991B9CA37F00644052 /* Release */,
			);
			defaultConfigurationIsVisible = 0;
			defaultConfigurationName = Release;
		};
		D3A57C9A1B9CA37F00644052 /* Build configuration list for PBXNativeTarget "Bulltipeer" */ = {
			isa = XCConfigurationList;
			buildConfigurations = (
				D3A57C9B1B9CA37F00644052 /* Debug */,
				D3A57C9C1B9CA37F00644052 /* Release */,
			);
			defaultConfigurationIsVisible = 0;
		};
		D3A57C9D1B9CA37F00644052 /* Build configuration list for PBXNativeTarget "BulltipeerTests" */ = {
			isa = XCConfigurationList;
			buildConfigurations = (
				D3A57C9E1B9CA37F00644052 /* Debug */,
				D3A57C9F1B9CA37F00644052 /* Release */,
			);
			defaultConfigurationIsVisible = 0;
		};
/* End XCConfigurationList section */
	};
	rootObject = D3A57C6F1B9CA37F00644052 /* Project object */;
}
